// !$*UTF8*$!
{
	archiveVersion = 1;
	classes = {
	};
	objectVersion = 77;
	objects = {

/* Begin PBXBuildFile section */
		9FC447C62F44381D00CC8954 /* FirebaseAuth in Frameworks */ = {isa = PBXBuildFile; productRef = 9FC447C52F44381D00CC8954 /* FirebaseAuth */; };
		9FC447C82F44381D00CC8954 /* FirebaseFirestore in Frameworks */ = {isa = PBXBuildFile; productRef = 9FC447C72F44381D00CC8954 /* FirebaseFirestore */; };
		9FC447CA2F44381D00CC8954 /* FirebaseMessaging in Frameworks */ = {isa = PBXBuildFile; productRef = 9FC447C92F44381D00CC8954 /* FirebaseMessaging */; };
		9FC447CC2F44381D00CC8954 /* FirebaseStorage in Frameworks */ = {isa = PBXBuildFile; productRef = 9FC447CB2F44381D00CC8954 /* FirebaseStorage */; };
		9FC447D22F443F5C00CC8954 /* Secrets.xcconfig in Resources */ = {isa = PBXBuildFile; fileRef = 9FC447D12F443F5C00CC8954 /* Secrets.xcconfig */; };
		CB4CF0412F4BC690008BF233 /* GoogleSignIn in Frameworks */ = {isa = PBXBuildFile; productRef = CB4CF0402F4BC690008BF233 /* GoogleSignIn */; };
		CB4CF0432F4BC690008BF233 /* GoogleSignInSwift in Frameworks */ = {isa = PBXBuildFile; productRef = CB4CF0422F4BC690008BF233 /* GoogleSignInSwift */; };
/* End PBXBuildFile section */

/* Begin PBXContainerItemProxy section */
		9FC4475D2F442C1700CC8954 /* PBXContainerItemProxy */ = {
			isa = PBXContainerItemProxy;
			containerPortal = 9FC447452F442C1500CC8954 /* Project object */;
			proxyType = 1;
			remoteGlobalIDString = 9FC4474C2F442C1500CC8954;
			remoteInfo = ScriptureScribe;
		};
		9FC447672F442C1700CC8954 /* PBXContainerItemProxy */ = {
			isa = PBXContainerItemProxy;
			containerPortal = 9FC447452F442C1500CC8954 /* Project object */;
			proxyType = 1;
			remoteGlobalIDString = 9FC4474C2F442C1500CC8954;
			remoteInfo = ScriptureScribe;
		};
/* End PBXContainerItemProxy section */

/* Begin PBXFileReference section */
		9FC4474D2F442C1500CC8954 /* ScriptureScribe.app */ = {isa = PBXFileReference; explicitFileType = wrapper.application; includeInIndex = 0; path = ScriptureScribe.app; sourceTree = BUILT_PRODUCTS_DIR; };
		9FC4475C2F442C1700CC8954 /* ScriptureScribeTests.xctest */ = {isa = PBXFileReference; explicitFileType = wrapper.cfbundle; includeInIndex = 0; path = ScriptureScribeTests.xctest; sourceTree = BUILT_PRODUCTS_DIR; };
		9FC447662F442C1700CC8954 /* ScriptureScribeUITests.xctest */ = {isa = PBXFileReference; explicitFileType = wrapper.cfbundle; includeInIndex = 0; path = ScriptureScribeUITests.xctest; sourceTree = BUILT_PRODUCTS_DIR; };
		9FC447D12F443F5C00CC8954 /* Secrets.xcconfig */ = {isa = PBXFileReference; lastKnownFileType = text.xcconfig; path = Secrets.xcconfig; sourceTree = "<group>"; };
		CB4CF0502F510A0000BF0001 /* Products.storekit */ = {isa = PBXFileReference; lastKnownFileType = text; path = Products.storekit; sourceTree = "<group>"; };
/* End PBXFileReference section */

/* Begin PBXFileSystemSynchronizedBuildFileExceptionSet section */
		9FC447D02F443E0000CC8954 /* Exceptions for "ScriptureScribe" folder in "ScriptureScribe" target */ = {
			isa = PBXFileSystemSynchronizedBuildFileExceptionSet;
			membershipExceptions = (
				Info.plist,
			);
			target = 9FC4474C2F442C1500CC8954 /* ScriptureScribe */;
		};
/* End PBXFileSystemSynchronizedBuildFileExceptionSet section */

/* Begin PBXFileSystemSynchronizedRootGroup section */
		9FC4474F2F442C1500CC8954 /* ScriptureScribe */ = {
			isa = PBXFileSystemSynchronizedRootGroup;
			exceptions = (
				9FC447D02F443E0000CC8954 /* Exceptions for "ScriptureScribe" folder in "ScriptureScribe" target */,
			);
			path = ScriptureScribe;
			sourceTree = "<group>";
		};
		9FC4475F2F442C1700CC8954 /* ScriptureScribeTests */ = {
			isa = PBXFileSystemSynchronizedRootGroup;
			path = ScriptureScribeTests;
			sourceTree = "<group>";
		};
		9FC447692F442C1700CC8954 /* ScriptureScribeUITests */ = {
			isa = PBXFileSystemSynchronizedRootGroup;
			path = ScriptureScribeUITests;
			sourceTree = "<group>";
		};
/* End PBXFileSystemSynchronizedRootGroup section */

/* Begin PBXFrameworksBuildPhase section */
		9FC4474A2F442C1500CC8954 /* Frameworks */ = {
			isa = PBXFrameworksBuildPhase;
			buildActionMask = 2147483647;
			files = (
				CB4CF0412F4BC690008BF233 /* GoogleSignIn in Frameworks */,
				9FC447CA2F44381D00CC8954 /* FirebaseMessaging in Frameworks */,
				9FC447CC2F44381D00CC8954 /* FirebaseStorage in Frameworks */,
				CB4CF0432F4BC690008BF233 /* GoogleSignInSwift in Frameworks */,
				9FC447C62F44381D00CC8954 /* FirebaseAuth in Frameworks */,
				9FC447C82F44381D00CC8954 /* FirebaseFirestore in Frameworks */,
			);
			runOnlyForDeploymentPostprocessing = 0;
		};
		9FC447592F442C1700CC8954 /* Frameworks */ = {
			isa = PBXFrameworksBuildPhase;
			buildActionMask = 2147483647;
			files = (
			);
			runOnlyForDeploymentPostprocessing = 0;
		};
		9FC447632F442C1700CC8954 /* Frameworks */ = {
			isa = PBXFrameworksBuildPhase;
			buildActionMask = 2147483647;
			files = (
			);
			runOnlyForDeploymentPostprocessing = 0;
		};
/* End PBXFrameworksBuildPhase section */

/* Begin PBXGroup section */
		9FC447442F442C1500CC8954 = {
			isa = PBXGroup;
			children = (
				9FC4474F2F442C1500CC8954 /* ScriptureScribe */,
				9FC4475F2F442C1700CC8954 /* ScriptureScribeTests */,
				9FC447692F442C1700CC8954 /* ScriptureScribeUITests */,
				9FC4474E2F442C1500CC8954 /* Products */,
				9FC447D12F443F5C00CC8954 /* Secrets.xcconfig */,
				CB4CF0502F510A0000BF0001 /* Products.storekit */,
			);
			sourceTree = "<group>";
		};
		9FC4474E2F442C1500CC8954 /* Products */ = {
			isa = PBXGroup;
			children = (
				9FC4474D2F442C1500CC8954 /* ScriptureScribe.app */,
				9FC4475C2F442C1700CC8954 /* ScriptureScribeTests.xctest */,
				9FC447662F442C1700CC8954 /* ScriptureScribeUITests.xctest */,
			);
			name = Products;
			sourceTree = "<group>";
		};
/* End PBXGroup section */

/* Begin PBXNativeTarget section */
		9FC4474C2F442C1500CC8954 /* ScriptureScribe */ = {
			isa = PBXNativeTarget;
			buildConfigurationList = 9FC447702F442C1700CC8954 /* Build configuration list for PBXNativeTarget "ScriptureScribe" */;
			buildPhases = (
				9FC447492F442C1500CC8954 /* Sources */,
				9FC4474A2F442C1500CC8954 /* Frameworks */,
				9FC4474B2F442C1500CC8954 /* Resources */,
			);
			buildRules = (
			);
			dependencies = (
			);
			fileSystemSynchronizedGroups = (
				9FC4474F2F442C1500CC8954 /* ScriptureScribe */,
			);
			name = ScriptureScribe;
			packageProductDependencies = (
				9FC447C52F44381D00CC8954 /* FirebaseAuth */,
				9FC447C72F44381D00CC8954 /* FirebaseFirestore */,
				9FC447C92F44381D00CC8954 /* FirebaseMessaging */,
				9FC447CB2F44381D00CC8954 /* FirebaseStorage */,
				CB4CF0402F4BC690008BF233 /* GoogleSignIn */,
				CB4CF0422F4BC690008BF233 /* GoogleSignInSwift */,
			);
			productName = ScriptureScribe;
			productReference = 9FC4474D2F442C1500CC8954 /* ScriptureScribe.app */;
			productType = "com.apple.product-type.application";
		};
		9FC4475B2F442C1700CC8954 /* ScriptureScribeTests */ = {
			isa = PBXNativeTarget;
			buildConfigurationList = 9FC447732F442C1700CC8954 /* Build configuration list for PBXNativeTarget "ScriptureScribeTests" */;
			buildPhases = (
				9FC447582F442C1700CC8954 /* Sources */,
				9FC447592F442C1700CC8954 /* Frameworks */,
				9FC4475A2F442C1700CC8954 /* Resources */,
			);
			buildRules = (
			);
			dependencies = (
				9FC4475E2F442C1700CC8954 /* PBXTargetDependency */,
			);
			fileSystemSynchronizedGroups = (
				9FC4475F2F442C1700CC8954 /* ScriptureScribeTests */,
			);
			name = ScriptureScribeTests;
			packageProductDependencies = (
			);
			productName = ScriptureScribeTests;
			productReference = 9FC4475C2F442C1700CC8954 /* ScriptureScribeTests.xctest */;
			productType = "com.apple.product-type.bundle.unit-test";
		};
		9FC447652F442C1700CC8954 /* ScriptureScribeUITests */ = {
			isa = PBXNativeTarget;
			buildConfigurationList = 9FC447762F442C1700CC8954 /* Build configuration list for PBXNativeTarget "ScriptureScribeUITests" */;
			buildPhases = (
				9FC447622F442C1700CC8954 /* Sources */,
				9FC447632F442C1700CC8954 /* Frameworks */,
				9FC447642F442C1700CC8954 /* Resources */,
			);
			buildRules = (
			);
			dependencies = (
				9FC447682F442C1700CC8954 /* PBXTargetDependency */,
			);
			fileSystemSynchronizedGroups = (
				9FC447692F442C1700CC8954 /* ScriptureScribeUITests */,
			);
			name = ScriptureScribeUITests;
			packageProductDependencies = (
			);
			productName = ScriptureScribeUITests;
			productReference = 9FC447662F442C1700CC8954 /* ScriptureScribeUITests.xctest */;
			productType = "com.apple.product-type.bundle.ui-testing";
		};
/* End PBXNativeTarget section */

/* Begin PBXProject section */
		9FC447452F442C1500CC8954 /* Project object */ = {
			isa = PBXProject;
			attributes = {
				BuildIndependentTargetsInParallel = 1;
				LastSwiftUpdateCheck = 2620;
				LastUpgradeCheck = 2620;
				TargetAttributes = {
					9FC4474C2F442C1500CC8954 = {
						CreatedOnToolsVersion = 26.2;
					};
					9FC4475B2F442C1700CC8954 = {
						CreatedOnToolsVersion = 26.2;
						TestTargetID = 9FC4474C2F442C1500CC8954;
					};
					9FC447652F442C1700CC8954 = {
						CreatedOnToolsVersion = 26.2;
						TestTargetID = 9FC4474C2F442C1500CC8954;
					};
				};
			};
			buildConfigurationList = 9FC447482F442C1500CC8954 /* Build configuration list for PBXProject "ScriptureScribe" */;
			developmentRegion = en;
			hasScannedForEncodings = 0;
			knownRegions = (
				en,
				Base,
			);
			mainGroup = 9FC447442F442C1500CC8954;
			minimizedProjectReferenceProxies = 1;
			packageReferences = (
				9FC447C42F44381D00CC8954 /* XCRemoteSwiftPackageReference "firebase-ios-sdk" */,
				CB4CF03F2F4BC690008BF233 /* XCRemoteSwiftPackageReference "GoogleSignIn-iOS" */,
			);
			preferredProjectObjectVersion = 77;
			productRefGroup = 9FC4474E2F442C1500CC8954 /* Products */;
			projectDirPath = "";
			projectRoot = "";
			targets = (
				9FC4474C2F442C1500CC8954 /* ScriptureScribe */,
				9FC4475B2F442C1700CC8954 /* ScriptureScribeTests */,
				9FC447652F442C1700CC8954 /* ScriptureScribeUITests */,
			);
		};
/* End PBXProject section */

/* Begin PBXResourcesBuildPhase section */
		9FC4474B2F442C1500CC8954 /* Resources */ = {
			isa = PBXResourcesBuildPhase;
			buildActionMask = 2147483647;
			files = (
				9FC447D22F443F5C00CC8954 /* Secrets.xcconfig in Resources */,
			);
			runOnlyForDeploymentPostprocessing = 0;
		};
		9FC4475A2F442C1700CC8954 /* Resources */ = {
			isa = PBXResourcesBuildPhase;
			buildActionMask = 2147483647;
			files = (
			);
			runOnlyForDeploymentPostprocessing = 0;
		};
		9FC447642F442C1700CC8954 /* Resources */ = {
			isa = PBXResourcesBuildPhase;
			buildActionMask = 2147483647;
			files = (
			);
			runOnlyForDeploymentPostprocessing = 0;
		};
/* End PBXResourcesBuildPhase section */

/* Begin PBXSourcesBuildPhase section */
		9FC447492F442C1500CC8954 /* Sources */ = {
			isa = PBXSourcesBuildPhase;
			buildActionMask = 2147483647;
			files = (
			);
			runOnlyForDeploymentPostprocessing = 0;
		};
		9FC447582F442C1700CC8954 /* Sources */ = {
			isa = PBXSourcesBuildPhase;
			buildActionMask = 2147483647;
			files = (
			);
			runOnlyForDeploymentPostprocessing = 0;
		};
		9FC447622F442C1700CC8954 /* Sources */ = {
			isa = PBXSourcesBuildPhase;
			buildActionMask = 2147483647;
			files = (
			);
			runOnlyForDeploymentPostprocessing = 0;
		};
/* End PBXSourcesBuildPhase section */

/* Begin PBXTargetDependency section */
		9FC4475E2F442C1700CC8954 /* PBXTargetDependency */ = {
			isa = PBXTargetDependency;
			target = 9FC4474C2F442C1500CC8954 /* ScriptureScribe */;
			targetProxy = 9FC4475D2F442C1700CC8954 /* PBXContainerItemProxy */;
		};
		9FC447682F442C1700CC8954 /* PBXTargetDependency */ = {
			isa = PBXTargetDependency;
			target = 9FC4474C2F442C1500CC8954 /* ScriptureScribe */;
			targetProxy = 9FC447672F442C1700CC8954 /* PBXContainerItemProxy */;
		};
/* End PBXTargetDependency section */

/* Begin XCBuildConfiguration section */
		9FC4476E2F442C1700CC8954 /* Debug */ = {
			isa = XCBuildConfiguration;
			baseConfigurationReference = 9FC447D12F443F5C00CC8954 /* Secrets.xcconfig */;
			buildSettings = {
				ALWAYS_SEARCH_USER_PATHS = NO;
				ASSETCATALOG_COMPILER_GENERATE_SWIFT_ASSET_SYMBOL_EXTENSIONS = YES;
				CLANG_ANALYZER_NONNULL = YES;
				CLANG_ANALYZER_NUMBER_OBJECT_CONVERSION = YES_AGGRESSIVE;
				CLANG_CXX_LANGUAGE_STANDARD = "gnu++20";
				CLANG_ENABLE_MODULES = YES;
				CLANG_ENABLE_OBJC_ARC = YES;
				CLANG_ENABLE_OBJC_WEAK = YES;
				CLANG_WARN_BLOCK_CAPTURE_AUTORELEASING = YES;
				CLANG_WARN_BOOL_CONVERSION = YES;
				CLANG_WARN_COMMA = YES;
				CLANG_WARN_CONSTANT_CONVERSION = YES;
				CLANG_WARN_DEPRECATED_OBJC_IMPLEMENTATIONS = YES;
				CLANG_WARN_DIRECT_OBJC_ISA_USAGE = YES_ERROR;
				CLANG_WARN_DOCUMENTATION_COMMENTS = YES;
				CLANG_WARN_EMPTY_BODY = YES;
				CLANG_WARN_ENUM_CONVERSION = YES;
				CLANG_WARN_INFINITE_RECURSION = YES;
				CLANG_WARN_INT_CONVERSION = YES;
				CLANG_WARN_NON_LITERAL_NULL_CONVERSION = YES;
				CLANG_WARN_OBJC_IMPLICIT_RETAIN_SELF = YES;
				CLANG_WARN_OBJC_LITERAL_CONVERSION = YES;
				CLANG_WARN_OBJC_ROOT_CLASS = YES_ERROR;
				CLANG_WARN_QUOTED_INCLUDE_IN_FRAMEWORK_HEADER = YES;
				CLANG_WARN_RANGE_LOOP_ANALYSIS = YES;
				CLANG_WARN_STRICT_PROTOTYPES = YES;
				CLANG_WARN_SUSPICIOUS_MOVE = YES;
				CLANG_WARN_UNGUARDED_AVAILABILITY = YES_AGGRESSIVE;
				CLANG_WARN_UNREACHABLE_CODE = YES;
				CLANG_WARN__DUPLICATE_METHOD_MATCH = YES;
				COPY_PHASE_STRIP = NO;
				DEBUG_INFORMATION_FORMAT = dwarf;
				ENABLE_STRICT_OBJC_MSGSEND = YES;
				ENABLE_TESTABILITY = YES;
				ENABLE_USER_SCRIPT_SANDBOXING = YES;
				GCC_C_LANGUAGE_STANDARD = gnu17;
				GCC_DYNAMIC_NO_PIC = NO;
				GCC_NO_COMMON_BLOCKS = YES;
				GCC_OPTIMIZATION_LEVEL = 0;
				GCC_PREPROCESSOR_DEFINITIONS = (
					"DEBUG=1",
					"$(inherited)",
				);
				GCC_WARN_64_TO_32_BIT_CONVERSION = YES;
				GCC_WARN_ABOUT_RETURN_TYPE = YES_ERROR;
				GCC_WARN_UNDECLARED_SELECTOR = YES;
				GCC_WARN_UNINITIALIZED_AUTOS = YES_AGGRESSIVE;
				GCC_WARN_UNUSED_FUNCTION = YES;
				GCC_WARN_UNUSED_VARIABLE = YES;
				LOCALIZATION_PREFERS_STRING_CATALOGS = YES;
				MTL_ENABLE_DEBUG_INFO = INCLUDE_SOURCE;
				MTL_FAST_MATH = YES;
				ONLY_ACTIVE_ARCH = YES;
				SWIFT_ACTIVE_COMPILATION_CONDITIONS = "DEBUG $(inherited)";
				SWIFT_OPTIMIZATION_LEVEL = "-Onone";
			};
			name = Debug;
		};
		9FC4476F2F442C1700CC8954 /* Release */ = {
			isa = XCBuildConfiguration;
			baseConfigurationReference = 9FC447D12F443F5C00CC8954 /* Secrets.xcconfig */;
			buildSettings = {
				ALWAYS_SEARCH_USER_PATHS = NO;
				ASSETCATALOG_COMPILER_GENERATE_SWIFT_ASSET_SYMBOL_EXTENSIONS = YES;
				CLANG_ANALYZER_NONNULL = YES;
				CLANG_ANALYZER_NUMBER_OBJECT_CONVERSION = YES_AGGRESSIVE;
				CLANG_CXX_LANGUAGE_STANDARD = "gnu++20";
				CLANG_ENABLE_MODULES = YES;
				CLANG_ENABLE_OBJC_ARC = YES;
				CLANG_ENABLE_OBJC_WEAK = YES;
				CLANG_WARN_BLOCK_CAPTURE_AUTORELEASING = YES;
				CLANG_WARN_BOOL_CONVERSION = YES;
				CLANG_WARN_COMMA = YES;
				CLANG_WARN_CONSTANT_CONVERSION = YES;
				CLANG_WARN_DEPRECATED_OBJC_IMPLEMENTATIONS = YES;
				CLANG_WARN_DIRECT_OBJC_ISA_USAGE = YES_ERROR;
				CLANG_WARN_DOCUMENTATION_COMMENTS = YES;
				CLANG_WARN_EMPTY_BODY = YES;
				CLANG_WARN_ENUM_CONVERSION = YES;
				CLANG_WARN_INFINITE_RECURSION = YES;
				CLANG_WARN_INT_CONVERSION = YES;
				CLANG_WARN_NON_LITERAL_NULL_CONVERSION = YES;
				CLANG_WARN_OBJC_IMPLICIT_RETAIN_SELF = YES;
				CLANG_WARN_OBJC_LITERAL_CONVERSION = YES;
				CLANG_WARN_OBJC_ROOT_CLASS = YES_ERROR;
				CLANG_WARN_QUOTED_INCLUDE_IN_FRAMEWORK_HEADER = YES;
				CLANG_WARN_RANGE_LOOP_ANALYSIS = YES;
				CLANG_WARN_STRICT_PROTOTYPES = YES;
				CLANG_WARN_SUSPICIOUS_MOVE = YES;
				CLANG_WARN_UNGUARDED_AVAILABILITY = YES_AGGRESSIVE;
				CLANG_WARN_UNREACHABLE_CODE = YES;
				CLANG_WARN__DUPLICATE_METHOD_MATCH = YES;
				COPY_PHASE_STRIP = NO;
				DEBUG_INFORMATION_FORMAT = "dwarf-with-dsym";
				ENABLE_NS_ASSERTIONS = NO;
				ENABLE_STRICT_OBJC_MSGSEND = YES;
				ENABLE_USER_SCRIPT_SANDBOXING = YES;
				GCC_C_LANGUAGE_STANDARD = gnu17;
				GCC_NO_COMMON_BLOCKS = YES;
				GCC_WARN_64_TO_32_BIT_CONVERSION = YES;
				GCC_WARN_ABOUT_RETURN_TYPE = YES_ERROR;
				GCC_WARN_UNDECLARED_SELECTOR = YES;
				GCC_WARN_UNINITIALIZED_AUTOS = YES_AGGRESSIVE;
				GCC_WARN_UNUSED_FUNCTION = YES;
				GCC_WARN_UNUSED_VARIABLE = YES;
				LOCALIZATION_PREFERS_STRING_CATALOGS = YES;
				MTL_ENABLE_DEBUG_INFO = NO;
				MTL_FAST_MATH = YES;
				SWIFT_COMPILATION_MODE = wholemodule;
			};
			name = Release;
		};
		9FC447712F442C1700CC8954 /* Debug */ = {
			isa = XCBuildConfiguration;
			buildSettings = {
				ASSETCATALOG_COMPILER_APPICON_NAME = AppIcon;
				ASSETCATALOG_COMPILER_GLOBAL_ACCENT_COLOR_NAME = AccentColor;
				CODE_SIGN_ENTITLEMENTS = ScriptureScribe/ScriptureScribe.entitlements;
				CODE_SIGN_STYLE = Automatic;
				CURRENT_PROJECT_VERSION = 1;
				DEVELOPMENT_TEAM = 8ZBDQ228TD;
				ENABLE_APP_SANDBOX = YES;
				ENABLE_PREVIEWS = YES;
				ENABLE_USER_SELECTED_FILES = readonly;
				GENERATE_INFOPLIST_FILE = YES;
				INFOPLIST_FILE = ScriptureScribe/Info.plist;
				INFOPLIST_KEY_NSCameraUsageDescription = "Scripture Scribe needs camera access to add phots to your Bible annotations.";
				INFOPLIST_KEY_NSPhotoLibraryUsageDescription = "Scripture Scribe needs photo library access to add photos to your Bible annotations.";
				"INFOPLIST_KEY_UIApplicationSceneManifest_Generation[sdk=iphoneos*]" = YES;
				"INFOPLIST_KEY_UIApplicationSceneManifest_Generation[sdk=iphonesimulator*]" = YES;
				"INFOPLIST_KEY_UIApplicationSupportsIndirectInputEvents[sdk=iphoneos*]" = YES;
				"INFOPLIST_KEY_UIApplicationSupportsIndirectInputEvents[sdk=iphonesimulator*]" = YES;
				"INFOPLIST_KEY_UILaunchScreen_Generation[sdk=iphoneos*]" = YES;
				"INFOPLIST_KEY_UILaunchScreen_Generation[sdk=iphonesimulator*]" = YES;
				"INFOPLIST_KEY_UIStatusBarStyle[sdk=iphoneos*]" = UIStatusBarStyleDefault;
				"INFOPLIST_KEY_UIStatusBarStyle[sdk=iphonesimulator*]" = UIStatusBarStyleDefault;
				INFOPLIST_KEY_UISupportedInterfaceOrientations_iPad = "UIInterfaceOrientationPortrait UIInterfaceOrientationPortraitUpsideDown UIInterfaceOrientationLandscapeLeft UIInterfaceOrientationLandscapeRight";
				INFOPLIST_KEY_UISupportedInterfaceOrientations_iPhone = "UIInterfaceOrientationPortrait UIInterfaceOrientationLandscapeLeft UIInterfaceOrientationLandscapeRight";
				IPHONEOS_DEPLOYMENT_TARGET = 26.2;
				LD_RUNPATH_SEARCH_PATHS = "@executable_path/Frameworks";
				"LD_RUNPATH_SEARCH_PATHS[sdk=macosx*]" = "@executable_path/../Frameworks";
				MACOSX_DEPLOYMENT_TARGET = 26.2;
				MARKETING_VERSION = 1.0;
				PRODUCT_BUNDLE_IDENTIFIER = com.stephanieiwuamadi.ScriptureScribe;
				PRODUCT_NAME = "$(TARGET_NAME)";
				REGISTER_APP_GROUPS = YES;
				SDKROOT = auto;
				STRING_CATALOG_GENERATE_SYMBOLS = YES;
				SUPPORTED_PLATFORMS = "iphoneos iphonesimulator macosx xros xrsimulator";
				SWIFT_APPROACHABLE_CONCURRENCY = YES;
				SWIFT_DEFAULT_ACTOR_ISOLATION = MainActor;
				SWIFT_EMIT_LOC_STRINGS = YES;
				SWIFT_UPCOMING_FEATURE_MEMBER_IMPORT_VISIBILITY = YES;
				SWIFT_VERSION = 5.0;
				TARGETED_DEVICE_FAMILY = "1,2,7";
				XROS_DEPLOYMENT_TARGET = 26.2;
			};
			name = Debug;
		};
		9FC447722F442C1700CC8954 /* Release */ = {
			isa = XCBuildConfiguration;
			buildSettings = {
				ASSETCATALOG_COMPILER_APPICON_NAME = AppIcon;
				ASSETCATALOG_COMPILER_GLOBAL_ACCENT_COLOR_NAME = AccentColor;
				CODE_SIGN_ENTITLEMENTS = ScriptureScribe/ScriptureScribe.entitlements;
				CODE_SIGN_STYLE = Automatic;
				CURRENT_PROJECT_VERSION = 1;
				DEVELOPMENT_TEAM = 8ZBDQ228TD;
				ENABLE_APP_SANDBOX = YES;
				ENABLE_PREVIEWS = YES;
				ENABLE_USER_SELECTED_FILES = readonly;
				GENERATE_INFOPLIST_FILE = YES;
				INFOPLIST_FILE = ScriptureScribe/Info.plist;
				INFOPLIST_KEY_NSCameraUsageDescription = "Scripture Scribe needs camera access to add phots to your Bible annotations.";
				INFOPLIST_KEY_NSPhotoLibraryUsageDescription = "Scripture Scribe needs photo library access to add photos to your Bible annotations.";
				"INFOPLIST_KEY_UIApplicationSceneManifest_Generation[sdk=iphoneos*]" = YES;
				"INFOPLIST_KEY_UIApplicationSceneManifest_Generation[sdk=iphonesimulator*]" = YES;
				"INFOPLIST_KEY_UIApplicationSupportsIndirectInputEvents[sdk=iphoneos*]" = YES;
				"INFOPLIST_KEY_UIApplicationSupportsIndirectInputEvents[sdk=iphonesimulator*]" = YES;
				"INFOPLIST_KEY_UILaunchScreen_Generation[sdk=iphoneos*]" = YES;
				"INFOPLIST_KEY_UILaunchScreen_Generation[sdk=iphonesimulator*]" = YES;
				"INFOPLIST_KEY_UIStatusBarStyle[sdk=iphoneos*]" = UIStatusBarStyleDefault;
				"INFOPLIST_KEY_UIStatusBarStyle[sdk=iphonesimulator*]" = UIStatusBarStyleDefault;
				INFOPLIST_KEY_UISupportedInterfaceOrientations_iPad = "UIInterfaceOrientationPortrait UIInterfaceOrientationPortraitUpsideDown UIInterfaceOrientationLandscapeLeft UIInterfaceOrientationLandscapeRight";
				INFOPLIST_KEY_UISupportedInterfaceOrientations_iPhone = "UIInterfaceOrientationPortrait UIInterfaceOrientationLandscapeLeft UIInterfaceOrientationLandscapeRight";
				IPHONEOS_DEPLOYMENT_TARGET = 26.2;
				LD_RUNPATH_SEARCH_PATHS = "@executable_path/Frameworks";
				"LD_RUNPATH_SEARCH_PATHS[sdk=macosx*]" = "@executable_path/../Frameworks";
				MACOSX_DEPLOYMENT_TARGET = 26.2;
				MARKETING_VERSION = 1.0;
				PRODUCT_BUNDLE_IDENTIFIER = com.stephanieiwuamadi.ScriptureScribe;
				PRODUCT_NAME = "$(TARGET_NAME)";
				REGISTER_APP_GROUPS = YES;
				SDKROOT = auto;
				STRING_CATALOG_GENERATE_SYMBOLS = YES;
				SUPPORTED_PLATFORMS = "iphoneos iphonesimulator macosx xros xrsimulator";
				SWIFT_APPROACHABLE_CONCURRENCY = YES;
				SWIFT_DEFAULT_ACTOR_ISOLATION = MainActor;
				SWIFT_EMIT_LOC_STRINGS = YES;
				SWIFT_UPCOMING_FEATURE_MEMBER_IMPORT_VISIBILITY = YES;
				SWIFT_VERSION = 5.0;
				TARGETED_DEVICE_FAMILY = "1,2,7";
				XROS_DEPLOYMENT_TARGET = 26.2;
			};
			name = Release;
		};
		9FC447742F442C1700CC8954 /* Debug */ = {
			isa = XCBuildConfiguration;
			buildSettings = {
				BUNDLE_LOADER = "$(TEST_HOST)";
				CODE_SIGN_STYLE = Automatic;
				CURRENT_PROJECT_VERSION = 1;
				GENERATE_INFOPLIST_FILE = YES;
				IPHONEOS_DEPLOYMENT_TARGET = 26.2;
				MACOSX_DEPLOYMENT_TARGET = 26.2;
				MARKETING_VERSION = 1.0;
				PRODUCT_BUNDLE_IDENTIFIER = com.stephanieiwuamadi.ScriptureScribeTests;
				PRODUCT_NAME = "$(TARGET_NAME)";
				SDKROOT = auto;
				STRING_CATALOG_GENERATE_SYMBOLS = NO;
				SUPPORTED_PLATFORMS = "iphoneos iphonesimulator macosx xros xrsimulator";
				SWIFT_APPROACHABLE_CONCURRENCY = YES;
				SWIFT_EMIT_LOC_STRINGS = NO;
				SWIFT_UPCOMING_FEATURE_MEMBER_IMPORT_VISIBILITY = YES;
				SWIFT_VERSION = 5.0;
				TARGETED_DEVICE_FAMILY = "1,2,7";
				TEST_HOST = "$(BUILT_PRODUCTS_DIR)/ScriptureScribe.app/$(BUNDLE_EXECUTABLE_FOLDER_PATH)/ScriptureScribe";
				XROS_DEPLOYMENT_TARGET = 26.2;
			};
			name = Debug;
		};
		9FC447752F442C1700CC8954 /* Release */ = {
			isa = XCBuildConfiguration;
			buildSettings = {
				BUNDLE_LOADER = "$(TEST_HOST)";
				CODE_SIGN_STYLE = Automatic;
				CURRENT_PROJECT_VERSION = 1;
				GENERATE_INFOPLIST_FILE = YES;
				IPHONEOS_DEPLOYMENT_TARGET = 26.2;
				MACOSX_DEPLOYMENT_TARGET = 26.2;
				MARKETING_VERSION = 1.0;
				PRODUCT_BUNDLE_IDENTIFIER = com.stephanieiwuamadi.ScriptureScribeTests;
				PRODUCT_NAME = "$(TARGET_NAME)";
				SDKROOT = auto;
				STRING_CATALOG_GENERATE_SYMBOLS = NO;
				SUPPORTED_PLATFORMS = "iphoneos iphonesimulator macosx xros xrsimulator";
				SWIFT_APPROACHABLE_CONCURRENCY = YES;
				SWIFT_EMIT_LOC_STRINGS = NO;
				SWIFT_UPCOMING_FEATURE_MEMBER_IMPORT_VISIBILITY = YES;
				SWIFT_VERSION = 5.0;
				TARGETED_DEVICE_FAMILY = "1,2,7";
				TEST_HOST = "$(BUILT_PRODUCTS_DIR)/ScriptureScribe.app/$(BUNDLE_EXECUTABLE_FOLDER_PATH)/ScriptureScribe";
				XROS_DEPLOYMENT_TARGET = 26.2;
			};
			name = Release;
		};
		9FC447772F442C1700CC8954 /* Debug */ = {
			isa = XCBuildConfiguration;
			buildSettings = {
				CODE_SIGN_STYLE = Automatic;
				CURRENT_PROJECT_VERSION = 1;
				GENERATE_INFOPLIST_FILE = YES;
				IPHONEOS_DEPLOYMENT_TARGET = 26.2;
				MACOSX_DEPLOYMENT_TARGET = 26.2;
				MARKETING_VERSION = 1.0;
				PRODUCT_BUNDLE_IDENTIFIER = com.stephanieiwuamadi.ScriptureScribeUITests;
				PRODUCT_NAME = "$(TARGET_NAME)";
				SDKROOT = auto;
				STRING_CATALOG_GENERATE_SYMBOLS = NO;
				SUPPORTED_PLATFORMS = "iphoneos iphonesimulator macosx xros xrsimulator";
				SWIFT_APPROACHABLE_CONCURRENCY = YES;
				SWIFT_EMIT_LOC_STRINGS = NO;
				SWIFT_UPCOMING_FEATURE_MEMBER_IMPORT_VISIBILITY = YES;
				SWIFT_VERSION = 5.0;
				TARGETED_DEVICE_FAMILY = "1,2,7";
				TEST_TARGET_NAME = ScriptureScribe;
				XROS_DEPLOYMENT_TARGET = 26.2;
			};
			name = Debug;
		};
		9FC447782F442C1700CC8954 /* Release */ = {
			isa = XCBuildConfiguration;
			buildSettings = {
				CODE_SIGN_STYLE = Automatic;
				CURRENT_PROJECT_VERSION = 1;
				GENERATE_INFOPLIST_FILE = YES;
				IPHONEOS_DEPLOYMENT_TARGET = 26.2;
				MACOSX_DEPLOYMENT_TARGET = 26.2;
				MARKETING_VERSION = 1.0;
				PRODUCT_BUNDLE_IDENTIFIER = com.stephanieiwuamadi.ScriptureScribeUITests;
				PRODUCT_NAME = "$(TARGET_NAME)";
				SDKROOT = auto;
				STRING_CATALOG_GENERATE_SYMBOLS = NO;
				SUPPORTED_PLATFORMS = "iphoneos iphonesimulator macosx xros xrsimulator";
				SWIFT_APPROACHABLE_CONCURRENCY = YES;
				SWIFT_EMIT_LOC_STRINGS = NO;
				SWIFT_UPCOMING_FEATURE_MEMBER_IMPORT_VISIBILITY = YES;
				SWIFT_VERSION = 5.0;
				TARGETED_DEVICE_FAMILY = "1,2,7";
				TEST_TARGET_NAME = ScriptureScribe;
				XROS_DEPLOYMENT_TARGET = 26.2;
			};
			name = Release;
		};
/* End XCBuildConfiguration section */

/* Begin XCConfigurationList section */
		9FC447482F442C1500CC8954 /* Build configuration list for PBXProject "ScriptureScribe" */ = {
			isa = XCConfigurationList;
			buildConfigurations = (
				9FC4476E2F442C1700CC8954 /* Debug */,
				9FC4476F2F442C1700CC8954 /* Release */,
			);
			defaultConfigurationIsVisible = 0;
			defaultConfigurationName = Release;
		};
		9FC447702F442C1700CC8954 /* Build configuration list for PBXNativeTarget "ScriptureScribe" */ = {
			isa = XCConfigurationList;
			buildConfigurations = (
				9FC447712F442C1700CC8954 /* Debug */,
				9FC447722F442C1700CC8954 /* Release */,
			);
			defaultConfigurationIsVisible = 0;
			defaultConfigurationName = Release;
		};
		9FC447732F442C1700CC8954 /* Build configuration list for PBXNativeTarget "ScriptureScribeTests" */ = {
			isa = XCConfigurationList;
			buildConfigurations = (
				9FC447742F442C1700CC8954 /* Debug */,
				9FC447752F442C1700CC8954 /* Release */,
			);
			defaultConfigurationIsVisible = 0;
			defaultConfigurationName = Release;
		};
		9FC447762F442C1700CC8954 /* Build configuration list for PBXNativeTarget "ScriptureScribeUITests" */ = {
			isa = XCConfigurationList;
			buildConfigurations = (
				9FC447772F442C1700CC8954 /* Debug */,
				9FC447782F442C1700CC8954 /* Release */,
			);
			defaultConfigurationIsVisible = 0;
			defaultConfigurationName = Release;
		};
/* End XCConfigurationList section */

/* Begin XCRemoteSwiftPackageReference section */
		9FC447C42F44381D00CC8954 /* XCRemoteSwiftPackageReference "firebase-ios-sdk" */ = {
			isa = XCRemoteSwiftPackageReference;
			repositoryURL = "https://github.com/firebase/firebase-ios-sdk";
			requirement = {
				kind = upToNextMajorVersion;
				minimumVersion = 11.0.0;
			};
		};
		CB4CF03F2F4BC690008BF233 /* XCRemoteSwiftPackageReference "GoogleSignIn-iOS" */ = {
			isa = XCRemoteSwiftPackageReference;
			repositoryURL = "https://github.com/google/GoogleSignIn-iOS";
			requirement = {
				kind = upToNextMajorVersion;
				minimumVersion = 9.1.0;
			};
		};
/* End XCRemoteSwiftPackageReference section */

/* Begin XCSwiftPackageProductDependency section */
		9FC447C52F44381D00CC8954 /* FirebaseAuth */ = {
			isa = XCSwiftPackageProductDependency;
			package = 9FC447C42F44381D00CC8954 /* XCRemoteSwiftPackageReference "firebase-ios-sdk" */;
			productName = FirebaseAuth;
		};
		9FC447C72F44381D00CC8954 /* FirebaseFirestore */ = {
			isa = XCSwiftPackageProductDependency;
			package = 9FC447C42F44381D00CC8954 /* XCRemoteSwiftPackageReference "firebase-ios-sdk" */;
			productName = FirebaseFirestore;
		};
		9FC447C92F44381D00CC8954 /* FirebaseMessaging */ = {
			isa = XCSwiftPackageProductDependency;
			package = 9FC447C42F44381D00CC8954 /* XCRemoteSwiftPackageReference "firebase-ios-sdk" */;
			productName = FirebaseMessaging;
		};
		9FC447CB2F44381D00CC8954 /* FirebaseStorage */ = {
			isa = XCSwiftPackageProductDependency;
			package = 9FC447C42F44381D00CC8954 /* XCRemoteSwiftPackageReference "firebase-ios-sdk" */;
			productName = FirebaseStorage;
		};
		CB4CF0402F4BC690008BF233 /* GoogleSignIn */ = {
			isa = XCSwiftPackageProductDependency;
			package = CB4CF03F2F4BC690008BF233 /* XCRemoteSwiftPackageReference "GoogleSignIn-iOS" */;
			productName = GoogleSignIn;
		};
		CB4CF0422F4BC690008BF233 /* GoogleSignInSwift */ = {
			isa = XCSwiftPackageProductDependency;
			package = CB4CF03F2F4BC690008BF233 /* XCRemoteSwiftPackageReference "GoogleSignIn-iOS" */;
			productName = GoogleSignInSwift;
		};
/* End XCSwiftPackageProductDependency section */
	};
	rootObject = 9FC447452F442C1500CC8954 /* Project object */;
}
